
Microsoft Visual Studio Solution File, Format Version 12.00
# Visual Studio 15
VisualStudioVersion = 15.0.28010.2036
MinimumVisualStudioVersion = 10.0.40219.1
Project("{FAE04EC0-301F-11D3-BF4B-00C04F79EFBC}") = "ServiceBroker", "ServiceBroker\ServiceBroker.csproj", "{E629EEC6-8BF6-443D-83B5-F2A24ADEF293}"
EndProject
Global
	GlobalSection(SolutionConfigurationPlatforms) = preSolution
		Debug|Any CPU = Debug|Any CPU
		Release|Any CPU = Release|Any CPU
	EndGlobalSection
	GlobalSection(ProjectConfigurationPlatforms) = postSolution
		{E629EEC6-8BF6-443D-83B5-F2A24ADEF293}.Debug|Any CPU.ActiveCfg = Debug|Any CPU
		{E629EEC6-8BF6-443D-83B5-F2A24ADEF293}.Debug|Any CPU.Build.0 = Debug|Any CPU
		{E629EEC6-8BF6-443D-83B5-F2A24ADEF293}.Release|Any CPU.ActiveCfg = Release|Any CPU
		{E629EEC6-8BF6-443D-83B5-F2A24ADEF293}.Release|Any CPU.Build.0 = Release|Any CPU
	EndGlobalSection
	GlobalSection(SolutionProperties) = preSolution
		HideSolutionNode = FALSE
	EndGlobalSection
	GlobalSection(ExtensibilityGlobals) = postSolution
		SolutionGuid = {ED07AE4D-CE7A-4A01-8E7A-2B617F97632E}
	EndGlobalSection
EndGlobal
